
Microsoft Visual Studio Solution File, Format Version 12.00
# Visual Studio Version 16
VisualStudioVersion = 16.0.33529.622
MinimumVisualStudioVersion = 10.0.40219.1
Project("{FAE04EC0-301F-11D3-BF4B-00C04F79EFBC}") = "msapp1", "msapp1\msapp1.csproj", "{F50E810A-C65C-4F49-AB1E-7425AF0F8C33}"
EndProject
Global
	GlobalSection(SolutionConfigurationPlatforms) = preSolution
		Debug|Any CPU = Debug|Any CPU
		Release|Any CPU = Release|Any CPU
	EndGlobalSection
	GlobalSection(ProjectConfigurationPlatforms) = postSolution
		{F50E810A-C65C-4F49-AB1E-7425AF0F8C33}.Debug|Any CPU.ActiveCfg = Debug|Any CPU
		{F50E810A-C65C-4F49-AB1E-7425AF0F8C33}.Debug|Any CPU.Build.0 = Debug|Any CPU
		{F50E810A-C65C-4F49-AB1E-7425AF0F8C33}.Release|Any CPU.ActiveCfg = Release|Any CPU
		{F50E810A-C65C-4F49-AB1E-7425AF0F8C33}.Release|Any CPU.Build.0 = Release|Any CPU
	EndGlobalSection
	GlobalSection(SolutionProperties) = preSolution
		HideSolutionNode = FALSE
	EndGlobalSection
	GlobalSection(ExtensibilityGlobals) = postSolution
		SolutionGuid = {FFFB38F9-C5DA-4149-ACC5-4F90509CA74E}
	EndGlobalSection
EndGlobal
